
Microsoft Visual Studio Solution File, Format Version 12.00
# Visual Studio Version 16
VisualStudioVersion = 16.0.30907.101
MinimumVisualStudioVersion = 10.0.40219.1
Project("{FAE04EC0-301F-11D3-BF4B-00C04F79EFBC}") = "Examen1DS39A", "Examen1DS39A\Examen1DS39A.csproj", "{D3F4554F-24FB-4300-B151-9DD70BFD37DB}"
EndProject
Global
	GlobalSection(SolutionConfigurationPlatforms) = preSolution
		Debug|Any CPU = Debug|Any CPU
		Release|Any CPU = Release|Any CPU
	EndGlobalSection
	GlobalSection(ProjectConfigurationPlatforms) = postSolution
		{D3F4554F-24FB-4300-B151-9DD70BFD37DB}.Debug|Any CPU.ActiveCfg = Debug|Any CPU
		{D3F4554F-24FB-4300-B151-9DD70BFD37DB}.Debug|Any CPU.Build.0 = Debug|Any CPU
		{D3F4554F-24FB-4300-B151-9DD70BFD37DB}.Release|Any CPU.ActiveCfg = Release|Any CPU
		{D3F4554F-24FB-4300-B151-9DD70BFD37DB}.Release|Any CPU.Build.0 = Release|Any CPU
	EndGlobalSection
	GlobalSection(SolutionProperties) = preSolution
		HideSolutionNode = FALSE
	EndGlobalSection
	GlobalSection(ExtensibilityGlobals) = postSolution
		SolutionGuid = {08C0E9FE-AC6C-40E1-BDC7-9D1AA8345ED3}
	EndGlobalSection
EndGlobal
